
Microsoft Visual Studio Solution File, Format Version 12.00
# Visual Studio Version 16
VisualStudioVersion = 16.0.32126.315
MinimumVisualStudioVersion = 10.0.40219.1
Project("{FAE04EC0-301F-11D3-BF4B-00C04F79EFBC}") = "Cecar", "Cecar.csproj", "{88BDBBDA-469E-4F09-B149-2E3978FFE34B}"
EndProject
Global
	GlobalSection(SolutionConfigurationPlatforms) = preSolution
		Debug|Any CPU = Debug|Any CPU
		Release|Any CPU = Release|Any CPU
	EndGlobalSection
	GlobalSection(ProjectConfigurationPlatforms) = postSolution
		{88BDBBDA-469E-4F09-B149-2E3978FFE34B}.Debug|Any CPU.ActiveCfg = Debug|Any CPU
		{88BDBBDA-469E-4F09-B149-2E3978FFE34B}.Debug|Any CPU.Build.0 = Debug|Any CPU
		{88BDBBDA-469E-4F09-B149-2E3978FFE34B}.Release|Any CPU.ActiveCfg = Release|Any CPU
		{88BDBBDA-469E-4F09-B149-2E3978FFE34B}.Release|Any CPU.Build.0 = Release|Any CPU
	EndGlobalSection
	GlobalSection(SolutionProperties) = preSolution
		HideSolutionNode = FALSE
	EndGlobalSection
	GlobalSection(ExtensibilityGlobals) = postSolution
		SolutionGuid = {3936D183-D2E4-4DA9-B448-E18CE6000DE3}
	EndGlobalSection
EndGlobal
